
Microsoft Visual Studio Solution File, Format Version 12.00
# Visual Studio Version 16
VisualStudioVersion = 16.0.28729.10
MinimumVisualStudioVersion = 10.0.40219.1
Project("{8BC9CEB8-8B4A-11D0-8D11-00A0C91BC942}") = "GEAR_CORE", "GEAR_CORE\GEAR_CORE.vcxproj", "{99E92CD0-F7A1-4E7A-A02A-74C09C3FA543}"
EndProject
Project("{8BC9CEB8-8B4A-11D0-8D11-00A0C91BC942}") = "Application", "Application\Application.vcxproj", "{4FE7C909-988B-4A3B-80AF-1B3D85BB96F3}"
	ProjectSection(ProjectDependencies) = postProject
		{99E92CD0-F7A1-4E7A-A02A-74C09C3FA543} = {99E92CD0-F7A1-4E7A-A02A-74C09C3FA543}
	EndProjectSection
EndProject
Global
	GlobalSection(SolutionConfigurationPlatforms) = preSolution
		Debug|x64 = Debug|x64
		Debug|x86 = Debug|x86
		Release|x64 = Release|x64
		Release|x86 = Release|x86
	EndGlobalSection
	GlobalSection(ProjectConfigurationPlatforms) = postSolution
		{99E92CD0-F7A1-4E7A-A02A-74C09C3FA543}.Debug|x64.ActiveCfg = Debug|x64
		{99E92CD0-F7A1-4E7A-A02A-74C09C3FA543}.Debug|x64.Build.0 = Debug|x64
		{99E92CD0-F7A1-4E7A-A02A-74C09C3FA543}.Debug|x86.ActiveCfg = Debug|Win32
		{99E92CD0-F7A1-4E7A-A02A-74C09C3FA543}.Debug|x86.Build.0 = Debug|Win32
		{99E92CD0-F7A1-4E7A-A02A-74C09C3FA543}.Release|x64.ActiveCfg = Release|x64
		{99E92CD0-F7A1-4E7A-A02A-74C09C3FA543}.Release|x64.Build.0 = Release|x64
		{99E92CD0-F7A1-4E7A-A02A-74C09C3FA543}.Release|x86.ActiveCfg = Release|Win32
		{99E92CD0-F7A1-4E7A-A02A-74C09C3FA543}.Release|x86.Build.0 = Release|Win32
		{4FE7C909-988B-4A3B-80AF-1B3D85BB96F3}.Debug|x64.ActiveCfg = Debug|x64
		{4FE7C909-988B-4A3B-80AF-1B3D85BB96F3}.Debug|x64.Build.0 = Debug|x64
		{4FE7C909-988B-4A3B-80AF-1B3D85BB96F3}.Debug|x86.ActiveCfg = Debug|Win32
		{4FE7C909-988B-4A3B-80AF-1B3D85BB96F3}.Debug|x86.Build.0 = Debug|Win32
		{4FE7C909-988B-4A3B-80AF-1B3D85BB96F3}.Release|x64.ActiveCfg = Release|x64
		{4FE7C909-988B-4A3B-80AF-1B3D85BB96F3}.Release|x64.Build.0 = Release|x64
		{4FE7C909-988B-4A3B-80AF-1B3D85BB96F3}.Release|x86.ActiveCfg = Release|Win32
		{4FE7C909-988B-4A3B-80AF-1B3D85BB96F3}.Release|x86.Build.0 = Release|Win32
	EndGlobalSection
	GlobalSection(SolutionProperties) = preSolution
		HideSolutionNode = FALSE
	EndGlobalSection
	GlobalSection(ExtensibilityGlobals) = postSolution
		SolutionGuid = {FE8D0575-BFE5-4802-9FFF-D23E665EC3C0}
	EndGlobalSection
EndGlobal
