
Microsoft Visual Studio Solution File, Format Version 12.00
# Visual Studio Version 16
VisualStudioVersion = 16.0.28729.10
MinimumVisualStudioVersion = 10.0.40219.1
Project("{8BC9CEB8-8B4A-11D0-8D11-00A0C91BC942}") = "MARS", "GEAR_CORE\dep\MARS\MARS\MARS.vcxproj", "{4482981D-F60C-4549-AEBC-6BC5414225E6}"
EndProject
Project("{8BC9CEB8-8B4A-11D0-8D11-00A0C91BC942}") = "MIRU_CORE", "GEAR_CORE\dep\MIRU\MIRU_CORE\MIRU_CORE.vcxproj", "{A85CAE6B-D45E-46B3-9FAF-CC609220443E}"
	ProjectSection(ProjectDependencies) = postProject
		{1DDDBE24-1051-4D10-AC4A-4BA23B633F27} = {1DDDBE24-1051-4D10-AC4A-4BA23B633F27}
	EndProjectSection
EndProject
Project("{8BC9CEB8-8B4A-11D0-8D11-00A0C91BC942}") = "MIRU_SHADER_COMPILER", "GEAR_CORE\dep\MIRU\MIRU_SHADER_COMPILER\MIRU_SHADER_COMPILER.vcxproj", "{1DDDBE24-1051-4D10-AC4A-4BA23B633F27}"
EndProject
Project("{8BC9CEB8-8B4A-11D0-8D11-00A0C91BC942}") = "GEAR_TEST", "GEAR_TEST\GEAR_TEST.vcxproj", "{4FE7C909-988B-4A3B-80AF-1B3D85BB96F3}"
	ProjectSection(ProjectDependencies) = postProject
		{A3C0A199-456D-49C4-B2ED-F15A4AC90780} = {A3C0A199-456D-49C4-B2ED-F15A4AC90780}
	EndProjectSection
EndProject
Project("{2150E333-8FDC-42A3-9474-1A3956D46DE8}") = "DEP", "DEP", "{36ADDC2C-0586-4DED-8887-0A1A78BBF116}"
EndProject
Project("{8BC9CEB8-8B4A-11D0-8D11-00A0C91BC942}") = "assimp", "GEAR_CORE\dep\ASSIMP\build\code\assimp.vcxproj", "{07BB4D15-CDC8-316F-83EB-18E7332629AF}"
EndProject
Project("{8BC9CEB8-8B4A-11D0-8D11-00A0C91BC942}") = "freetype", "GEAR_CORE\dep\FREETYPE\build\freetype.vcxproj", "{70AA4D99-158A-3FC2-8D9C-D0CC50A0C74E}"
EndProject
Project("{8BC9CEB8-8B4A-11D0-8D11-00A0C91BC942}") = "glfw", "GEAR_CORE\dep\GLFW\build\src\glfw.vcxproj", "{CA4E3733-BF45-3B42-9DEB-A2A3388187D1}"
EndProject
Project("{8BC9CEB8-8B4A-11D0-8D11-00A0C91BC942}") = "OpenAL", "GEAR_CORE\dep\OPENAL\build\OpenAL.vcxproj", "{9D9313D7-E659-37AB-9075-40D2F8AA580B}"
	ProjectSection(ProjectDependencies) = postProject
		{91C98DF2-0A6C-3E3F-8F0C-3ACEBBBBBB83} = {91C98DF2-0A6C-3E3F-8F0C-3ACEBBBBBB83}
	EndProjectSection
EndProject
Project("{8BC9CEB8-8B4A-11D0-8D11-00A0C91BC942}") = "common", "GEAR_CORE\dep\OPENAL\build\common.vcxproj", "{91C98DF2-0A6C-3E3F-8F0C-3ACEBBBBBB83}"
EndProject
Project("{2150E333-8FDC-42A3-9474-1A3956D46DE8}") = "_ASSIMP", "_ASSIMP", "{294BB1B4-D5F5-476E-8663-5C6D263A5691}"
EndProject
Project("{2150E333-8FDC-42A3-9474-1A3956D46DE8}") = "_FREETYPE", "_FREETYPE", "{3CC30CC0-7C8E-433D-97EC-6B46212989EF}"
EndProject
Project("{2150E333-8FDC-42A3-9474-1A3956D46DE8}") = "_GLFW", "_GLFW", "{48100E11-9D5E-4DBB-B2B1-AFCF2F7D375C}"
EndProject
Project("{2150E333-8FDC-42A3-9474-1A3956D46DE8}") = "_MARS", "_MARS", "{1DCBD4A2-8DC0-408F-931C-8D11BF9D7CC9}"
EndProject
Project("{2150E333-8FDC-42A3-9474-1A3956D46DE8}") = "_MIRU", "_MIRU", "{A63F9A39-7FAC-4EE6-BC81-138707DBA988}"
EndProject
Project("{2150E333-8FDC-42A3-9474-1A3956D46DE8}") = "_OPENAL", "_OPENAL", "{09292B97-0FED-43AF-8161-1811D6BA4278}"
EndProject
Project("{8BC9CEB8-8B4A-11D0-8D11-00A0C91BC942}") = "GEAR_CORE", "GEAR_CORE\GEAR_CORE.vcxproj", "{A3C0A199-456D-49C4-B2ED-F15A4AC90780}"
EndProject
Global
	GlobalSection(SolutionConfigurationPlatforms) = preSolution
		Debug|x64 = Debug|x64
		Release|x64 = Release|x64
	EndGlobalSection
	GlobalSection(ProjectConfigurationPlatforms) = postSolution
		{4482981D-F60C-4549-AEBC-6BC5414225E6}.Debug|x64.ActiveCfg = Debug|x64
		{4482981D-F60C-4549-AEBC-6BC5414225E6}.Debug|x64.Build.0 = Debug|x64
		{4482981D-F60C-4549-AEBC-6BC5414225E6}.Release|x64.ActiveCfg = Release|x64
		{4482981D-F60C-4549-AEBC-6BC5414225E6}.Release|x64.Build.0 = Release|x64
		{A85CAE6B-D45E-46B3-9FAF-CC609220443E}.Debug|x64.ActiveCfg = Debug|x64
		{A85CAE6B-D45E-46B3-9FAF-CC609220443E}.Debug|x64.Build.0 = Debug|x64
		{A85CAE6B-D45E-46B3-9FAF-CC609220443E}.Release|x64.ActiveCfg = Release|x64
		{A85CAE6B-D45E-46B3-9FAF-CC609220443E}.Release|x64.Build.0 = Release|x64
		{1DDDBE24-1051-4D10-AC4A-4BA23B633F27}.Debug|x64.ActiveCfg = Debug|x64
		{1DDDBE24-1051-4D10-AC4A-4BA23B633F27}.Debug|x64.Build.0 = Debug|x64
		{1DDDBE24-1051-4D10-AC4A-4BA23B633F27}.Release|x64.ActiveCfg = Release|x64
		{1DDDBE24-1051-4D10-AC4A-4BA23B633F27}.Release|x64.Build.0 = Release|x64
		{4FE7C909-988B-4A3B-80AF-1B3D85BB96F3}.Debug|x64.ActiveCfg = Debug|x64
		{4FE7C909-988B-4A3B-80AF-1B3D85BB96F3}.Debug|x64.Build.0 = Debug|x64
		{4FE7C909-988B-4A3B-80AF-1B3D85BB96F3}.Release|x64.ActiveCfg = Release|x64
		{4FE7C909-988B-4A3B-80AF-1B3D85BB96F3}.Release|x64.Build.0 = Release|x64
		{07BB4D15-CDC8-316F-83EB-18E7332629AF}.Debug|x64.ActiveCfg = Debug|x64
		{07BB4D15-CDC8-316F-83EB-18E7332629AF}.Debug|x64.Build.0 = Debug|x64
		{07BB4D15-CDC8-316F-83EB-18E7332629AF}.Release|x64.ActiveCfg = Release|x64
		{07BB4D15-CDC8-316F-83EB-18E7332629AF}.Release|x64.Build.0 = Release|x64
		{70AA4D99-158A-3FC2-8D9C-D0CC50A0C74E}.Debug|x64.ActiveCfg = Debug|x64
		{70AA4D99-158A-3FC2-8D9C-D0CC50A0C74E}.Debug|x64.Build.0 = Debug|x64
		{70AA4D99-158A-3FC2-8D9C-D0CC50A0C74E}.Release|x64.ActiveCfg = Release|x64
		{70AA4D99-158A-3FC2-8D9C-D0CC50A0C74E}.Release|x64.Build.0 = Release|x64
		{CA4E3733-BF45-3B42-9DEB-A2A3388187D1}.Debug|x64.ActiveCfg = Debug|x64
		{CA4E3733-BF45-3B42-9DEB-A2A3388187D1}.Debug|x64.Build.0 = Debug|x64
		{CA4E3733-BF45-3B42-9DEB-A2A3388187D1}.Release|x64.ActiveCfg = Release|x64
		{CA4E3733-BF45-3B42-9DEB-A2A3388187D1}.Release|x64.Build.0 = Release|x64
		{9D9313D7-E659-37AB-9075-40D2F8AA580B}.Debug|x64.ActiveCfg = Debug|x64
		{9D9313D7-E659-37AB-9075-40D2F8AA580B}.Debug|x64.Build.0 = Debug|x64
		{9D9313D7-E659-37AB-9075-40D2F8AA580B}.Release|x64.ActiveCfg = Release|x64
		{9D9313D7-E659-37AB-9075-40D2F8AA580B}.Release|x64.Build.0 = Release|x64
		{91C98DF2-0A6C-3E3F-8F0C-3ACEBBBBBB83}.Debug|x64.ActiveCfg = Debug|x64
		{91C98DF2-0A6C-3E3F-8F0C-3ACEBBBBBB83}.Debug|x64.Build.0 = Debug|x64
		{91C98DF2-0A6C-3E3F-8F0C-3ACEBBBBBB83}.Release|x64.ActiveCfg = Release|x64
		{91C98DF2-0A6C-3E3F-8F0C-3ACEBBBBBB83}.Release|x64.Build.0 = Release|x64
		{A3C0A199-456D-49C4-B2ED-F15A4AC90780}.Debug|x64.ActiveCfg = Debug|x64
		{A3C0A199-456D-49C4-B2ED-F15A4AC90780}.Debug|x64.Build.0 = Debug|x64
		{A3C0A199-456D-49C4-B2ED-F15A4AC90780}.Release|x64.ActiveCfg = Release|x64
		{A3C0A199-456D-49C4-B2ED-F15A4AC90780}.Release|x64.Build.0 = Release|x64
	EndGlobalSection
	GlobalSection(SolutionProperties) = preSolution
		HideSolutionNode = FALSE
	EndGlobalSection
	GlobalSection(NestedProjects) = preSolution
		{4482981D-F60C-4549-AEBC-6BC5414225E6} = {1DCBD4A2-8DC0-408F-931C-8D11BF9D7CC9}
		{A85CAE6B-D45E-46B3-9FAF-CC609220443E} = {A63F9A39-7FAC-4EE6-BC81-138707DBA988}
		{1DDDBE24-1051-4D10-AC4A-4BA23B633F27} = {A63F9A39-7FAC-4EE6-BC81-138707DBA988}
		{07BB4D15-CDC8-316F-83EB-18E7332629AF} = {294BB1B4-D5F5-476E-8663-5C6D263A5691}
		{70AA4D99-158A-3FC2-8D9C-D0CC50A0C74E} = {3CC30CC0-7C8E-433D-97EC-6B46212989EF}
		{CA4E3733-BF45-3B42-9DEB-A2A3388187D1} = {48100E11-9D5E-4DBB-B2B1-AFCF2F7D375C}
		{9D9313D7-E659-37AB-9075-40D2F8AA580B} = {09292B97-0FED-43AF-8161-1811D6BA4278}
		{91C98DF2-0A6C-3E3F-8F0C-3ACEBBBBBB83} = {09292B97-0FED-43AF-8161-1811D6BA4278}
		{294BB1B4-D5F5-476E-8663-5C6D263A5691} = {36ADDC2C-0586-4DED-8887-0A1A78BBF116}
		{3CC30CC0-7C8E-433D-97EC-6B46212989EF} = {36ADDC2C-0586-4DED-8887-0A1A78BBF116}
		{48100E11-9D5E-4DBB-B2B1-AFCF2F7D375C} = {36ADDC2C-0586-4DED-8887-0A1A78BBF116}
		{1DCBD4A2-8DC0-408F-931C-8D11BF9D7CC9} = {36ADDC2C-0586-4DED-8887-0A1A78BBF116}
		{A63F9A39-7FAC-4EE6-BC81-138707DBA988} = {36ADDC2C-0586-4DED-8887-0A1A78BBF116}
		{09292B97-0FED-43AF-8161-1811D6BA4278} = {36ADDC2C-0586-4DED-8887-0A1A78BBF116}
	EndGlobalSection
	GlobalSection(ExtensibilityGlobals) = postSolution
		SolutionGuid = {FE8D0575-BFE5-4802-9FFF-D23E665EC3C0}
	EndGlobalSection
EndGlobal
