<?xml version="1.0" encoding="utf-8"?>
<Project ToolsVersion="4.0" xmlns="http://schemas.microsoft.com/developer/msbuild/2003">
  <ItemGroup>
    <Filter Include="Source Files">
      <UniqueIdentifier>{4FC737F1-C7A5-4376-A066-2A32D752A2FF}</UniqueIdentifier>
      <Extensions>cpp;c;cc;cxx;def;odl;idl;hpj;bat;asm;asmx</Extensions>
    </Filter>
    <Filter Include="Header Files">
      <UniqueIdentifier>{93995380-89BD-4b04-88EB-625FBE52EBFB}</UniqueIdentifier>
      <Extensions>h;hh;hpp;hxx;hm;inl;inc;ipp;xsd</Extensions>
    </Filter>
    <Filter Include="Resource Files">
      <UniqueIdentifier>{67DA6AB6-F800-4c08-8B7A-83BB121AAD01}</UniqueIdentifier>
      <Extensions>rc;ico;cur;bmp;dlg;rc2;rct;bin;rgs;gif;jpg;jpeg;jpe;resx;tiff;tif;png;wav;mfcribbon-ms</Extensions>
    </Filter>
  </ItemGroup>
  <ItemGroup>
    <ClCompile Include="src\graphics\window.cpp">
      <Filter>Source Files</Filter>
    </ClCompile>
    <ClCompile Include="src\maths\matrix\Mat2.cpp">
      <Filter>Source Files</Filter>
    </ClCompile>
    <ClCompile Include="src\maths\matrix\Mat3.cpp">
      <Filter>Source Files</Filter>
    </ClCompile>
    <ClCompile Include="src\maths\matrix\Mat4.cpp">
      <Filter>Source Files</Filter>
    </ClCompile>
    <ClCompile Include="src\maths\vector\Vec2.cpp">
      <Filter>Source Files</Filter>
    </ClCompile>
    <ClCompile Include="src\maths\vector\Vec3.cpp">
      <Filter>Source Files</Filter>
    </ClCompile>
    <ClCompile Include="src\maths\vector\Vec4.cpp">
      <Filter>Source Files</Filter>
    </ClCompile>
    <ClCompile Include="src\graphics\shader.cpp">
      <Filter>Source Files</Filter>
    </ClCompile>
    <ClCompile Include="src\graphics\buffer\indexbuffer.cpp">
      <Filter>Source Files</Filter>
    </ClCompile>
    <ClCompile Include="src\graphics\buffer\vertexarray.cpp">
      <Filter>Source Files</Filter>
    </ClCompile>
    <ClCompile Include="src\graphics\buffer\vertexbuffer.cpp">
      <Filter>Source Files</Filter>
    </ClCompile>
    <ClCompile Include="src\graphics\texture.cpp">
      <Filter>Source Files</Filter>
    </ClCompile>
    <ClCompile Include="src\graphics\camera.cpp">
      <Filter>Source Files</Filter>
    </ClCompile>
    <ClCompile Include="main.cpp">
      <Filter>Source Files</Filter>
    </ClCompile>
    <ClCompile Include="src\graphics\light.cpp">
      <Filter>Source Files</Filter>
    </ClCompile>
    <ClCompile Include="src\graphics\renderer\renderer.cpp">
      <Filter>Source Files</Filter>
    </ClCompile>
    <ClCompile Include="src\graphics\renderer\batchrenderer2d.cpp">
      <Filter>Source Files</Filter>
    </ClCompile>
    <ClCompile Include="src\maths\quaternion\Quat.cpp">
      <Filter>Source Files</Filter>
    </ClCompile>
    <ClCompile Include="src\graphics\font.cpp">
      <Filter>Source Files</Filter>
    </ClCompile>
    <ClCompile Include="src\graphics\object.cpp">
      <Filter>Source Files</Filter>
    </ClCompile>
    <ClCompile Include="src\audio\listener.cpp">
      <Filter>Source Files</Filter>
    </ClCompile>
    <ClCompile Include="src\audio\audiosource.cpp">
      <Filter>Source Files</Filter>
    </ClCompile>
  </ItemGroup>
  <ItemGroup>
    <ClInclude Include="src\maths\matrix\Mat2.h">
      <Filter>Header Files</Filter>
    </ClInclude>
    <ClInclude Include="src\maths\matrix\Mat3.h">
      <Filter>Header Files</Filter>
    </ClInclude>
    <ClInclude Include="src\maths\matrix\Mat4.h">
      <Filter>Header Files</Filter>
    </ClInclude>
    <ClInclude Include="src\maths\vector\Vec2.h">
      <Filter>Header Files</Filter>
    </ClInclude>
    <ClInclude Include="src\maths\vector\Vec3.h">
      <Filter>Header Files</Filter>
    </ClInclude>
    <ClInclude Include="src\maths\vector\Vec4.h">
      <Filter>Header Files</Filter>
    </ClInclude>
    <ClInclude Include="src\maths\ARMLib.h">
      <Filter>Header Files</Filter>
    </ClInclude>
    <ClInclude Include="src\maths\Common.h">
      <Filter>Header Files</Filter>
    </ClInclude>
    <ClInclude Include="src\maths\MatMatMultiplication.h">
      <Filter>Header Files</Filter>
    </ClInclude>
    <ClInclude Include="src\maths\MatVecMultiplication.h">
      <Filter>Header Files</Filter>
    </ClInclude>
    <ClInclude Include="src\maths\conversion\ConvertCart2DandPolarCoord.h">
      <Filter>Header Files</Filter>
    </ClInclude>
    <ClInclude Include="src\maths\conversion\ConvertCart3DandSphCoord.h">
      <Filter>Header Files</Filter>
    </ClInclude>
    <ClInclude Include="src\maths\conversion\ConvertDegAndRad.h">
      <Filter>Header Files</Filter>
    </ClInclude>
    <ClInclude Include="src\graphics\shader.h">
      <Filter>Header Files</Filter>
    </ClInclude>
    <ClInclude Include="src\graphics\buffer\indexbuffer.h">
      <Filter>Header Files</Filter>
    </ClInclude>
    <ClInclude Include="src\graphics\buffer\vertexarray.h">
      <Filter>Header Files</Filter>
    </ClInclude>
    <ClInclude Include="src\graphics\buffer\vertexbuffer.h">
      <Filter>Header Files</Filter>
    </ClInclude>
    <ClInclude Include="src\graphics\texture.h">
      <Filter>Header Files</Filter>
    </ClInclude>
    <ClInclude Include="src\utils\fileutils.h">
      <Filter>Header Files</Filter>
    </ClInclude>
    <ClInclude Include="src\graphics\debugopengl.h">
      <Filter>Header Files</Filter>
    </ClInclude>
    <ClInclude Include="src\graphics\window.h">
      <Filter>Header Files</Filter>
    </ClInclude>
    <ClInclude Include="src\utils\typesx86x64.h">
      <Filter>Header Files</Filter>
    </ClInclude>
    <ClInclude Include="src\graphics\camera.h">
      <Filter>Header Files</Filter>
    </ClInclude>
    <ClInclude Include="src\graphics\light.h">
      <Filter>Header Files</Filter>
    </ClInclude>
    <ClInclude Include="src\graphics\renderer\renderer.h">
      <Filter>Header Files</Filter>
    </ClInclude>
    <ClInclude Include="src\graphics\renderer\batchrenderer2d.h">
      <Filter>Header Files</Filter>
    </ClInclude>
    <ClInclude Include="src\maths\quaternion\Quat.h">
      <Filter>Header Files</Filter>
    </ClInclude>
    <ClInclude Include="src\graphics\font.h">
      <Filter>Header Files</Filter>
    </ClInclude>
    <ClInclude Include="src\graphics\object.h">
      <Filter>Header Files</Filter>
    </ClInclude>
    <ClInclude Include="src\audio\listener.h">
      <Filter>Header Files</Filter>
    </ClInclude>
    <ClInclude Include="src\audio\audiosource.h">
      <Filter>Header Files</Filter>
    </ClInclude>
  </ItemGroup>
  <ItemGroup>
    <None Include="res\shaders\basic.frag" />
    <None Include="res\shaders\basic.vert" />
    <None Include="res\shaders\font.vert" />
    <None Include="res\shaders\font.frag" />
    <None Include="res\shaders\cube.frag" />
    <None Include="res\shaders\cube.vert" />
  </ItemGroup>
</Project>